
Microsoft Visual Studio Solution File, Format Version 12.00
# Visual Studio Version 17
VisualStudioVersion = 17.0.32112.339
MinimumVisualStudioVersion = 10.0.40219.1
Project("{9A19103F-16F7-4668-BE54-9A1E7A4F7556}") = "Andro", "Andro\Andro.csproj", "{60DD2FB1-D77F-445E-A922-EF74E076A839}"
EndProject
Project("{9A19103F-16F7-4668-BE54-9A1E7A4F7556}") = "Andro.Lib", "Andro.Lib\Andro.Lib.csproj", "{6ED4E7AB-D051-42F2-A690-AF9AFE6FEDAC}"
EndProject
Project("{9A19103F-16F7-4668-BE54-9A1E7A4F7556}") = "UnitTest", "UnitTest\UnitTest.csproj", "{1E815412-9E3E-434F-932B-8D50CD144569}"
EndProject
Project("{2150E333-8FDC-42A3-9474-1A3956D46DE8}") = "Solution Items", "Solution Items", "{85904143-7095-4F42-B62B-FBFCA5EF6B51}"
	ProjectSection(SolutionItems) = preProject
		.editorconfig = .editorconfig
	EndProjectSection
EndProject
Project("{9A19103F-16F7-4668-BE54-9A1E7A4F7556}") = "Test", "Test\Test.csproj", "{423CE0D9-5A00-4515-B20B-B4B78A1C7836}"
EndProject
Project("{9A19103F-16F7-4668-BE54-9A1E7A4F7556}") = "Andro.Kde", "Andro.Kde\Andro.Kde.csproj", "{9A56B300-1141-48B4-AA97-A7AB2C70811A}"
EndProject
Global
	GlobalSection(SolutionConfigurationPlatforms) = preSolution
		Debug|Any CPU = Debug|Any CPU
		Release|Any CPU = Release|Any CPU
		Test|Any CPU = Test|Any CPU
	EndGlobalSection
	GlobalSection(ProjectConfigurationPlatforms) = postSolution
		{60DD2FB1-D77F-445E-A922-EF74E076A839}.Debug|Any CPU.ActiveCfg = Debug|Any CPU
		{60DD2FB1-D77F-445E-A922-EF74E076A839}.Debug|Any CPU.Build.0 = Debug|Any CPU
		{60DD2FB1-D77F-445E-A922-EF74E076A839}.Release|Any CPU.ActiveCfg = Release|Any CPU
		{60DD2FB1-D77F-445E-A922-EF74E076A839}.Release|Any CPU.Build.0 = Release|Any CPU
		{60DD2FB1-D77F-445E-A922-EF74E076A839}.Test|Any CPU.ActiveCfg = Test|Any CPU
		{60DD2FB1-D77F-445E-A922-EF74E076A839}.Test|Any CPU.Build.0 = Test|Any CPU
		{6ED4E7AB-D051-42F2-A690-AF9AFE6FEDAC}.Debug|Any CPU.ActiveCfg = Debug|Any CPU
		{6ED4E7AB-D051-42F2-A690-AF9AFE6FEDAC}.Debug|Any CPU.Build.0 = Debug|Any CPU
		{6ED4E7AB-D051-42F2-A690-AF9AFE6FEDAC}.Release|Any CPU.ActiveCfg = Release|Any CPU
		{6ED4E7AB-D051-42F2-A690-AF9AFE6FEDAC}.Release|Any CPU.Build.0 = Release|Any CPU
		{6ED4E7AB-D051-42F2-A690-AF9AFE6FEDAC}.Test|Any CPU.ActiveCfg = Debug|Any CPU
		{6ED4E7AB-D051-42F2-A690-AF9AFE6FEDAC}.Test|Any CPU.Build.0 = Debug|Any CPU
		{1E815412-9E3E-434F-932B-8D50CD144569}.Debug|Any CPU.ActiveCfg = Debug|Any CPU
		{1E815412-9E3E-434F-932B-8D50CD144569}.Debug|Any CPU.Build.0 = Debug|Any CPU
		{1E815412-9E3E-434F-932B-8D50CD144569}.Release|Any CPU.ActiveCfg = Release|Any CPU
		{1E815412-9E3E-434F-932B-8D50CD144569}.Release|Any CPU.Build.0 = Release|Any CPU
		{1E815412-9E3E-434F-932B-8D50CD144569}.Test|Any CPU.ActiveCfg = Debug|Any CPU
		{1E815412-9E3E-434F-932B-8D50CD144569}.Test|Any CPU.Build.0 = Debug|Any CPU
		{423CE0D9-5A00-4515-B20B-B4B78A1C7836}.Debug|Any CPU.ActiveCfg = Debug|Any CPU
		{423CE0D9-5A00-4515-B20B-B4B78A1C7836}.Debug|Any CPU.Build.0 = Debug|Any CPU
		{423CE0D9-5A00-4515-B20B-B4B78A1C7836}.Release|Any CPU.ActiveCfg = Release|Any CPU
		{423CE0D9-5A00-4515-B20B-B4B78A1C7836}.Release|Any CPU.Build.0 = Release|Any CPU
		{423CE0D9-5A00-4515-B20B-B4B78A1C7836}.Test|Any CPU.ActiveCfg = Debug|Any CPU
		{423CE0D9-5A00-4515-B20B-B4B78A1C7836}.Test|Any CPU.Build.0 = Debug|Any CPU
		{9A56B300-1141-48B4-AA97-A7AB2C70811A}.Debug|Any CPU.ActiveCfg = Debug|Any CPU
		{9A56B300-1141-48B4-AA97-A7AB2C70811A}.Debug|Any CPU.Build.0 = Debug|Any CPU
		{9A56B300-1141-48B4-AA97-A7AB2C70811A}.Release|Any CPU.ActiveCfg = Release|Any CPU
		{9A56B300-1141-48B4-AA97-A7AB2C70811A}.Release|Any CPU.Build.0 = Release|Any CPU
		{9A56B300-1141-48B4-AA97-A7AB2C70811A}.Test|Any CPU.ActiveCfg = Debug|Any CPU
		{9A56B300-1141-48B4-AA97-A7AB2C70811A}.Test|Any CPU.Build.0 = Debug|Any CPU
	EndGlobalSection
	GlobalSection(SolutionProperties) = preSolution
		HideSolutionNode = FALSE
	EndGlobalSection
	GlobalSection(ExtensibilityGlobals) = postSolution
		SolutionGuid = {64BA90C6-B82F-4421-9A23-AF3F6D97AD8B}
	EndGlobalSection
EndGlobal
